
Microsoft Visual Studio Solution File, Format Version 12.00
# Visual Studio Version 17
VisualStudioVersion = 17.2.32526.322
MinimumVisualStudioVersion = 10.0.40219.1
Project("{9A19103F-16F7-4668-BE54-9A1E7A4F7556}") = "Snake.Services", "Snake.Services.csproj", "{AC151895-FF73-4975-8359-991CD4CB039A}"
EndProject
Project("{9A19103F-16F7-4668-BE54-9A1E7A4F7556}") = "StartUp", "..\StartUp\StartUp.csproj", "{90F51148-1B71-4126-9250-20269CF64572}"
EndProject
Project("{9A19103F-16F7-4668-BE54-9A1E7A4F7556}") = "UserDatabase", "..\UserDatabase\UserDatabase.csproj", "{4C6EFAB3-41BC-4C48-B6D5-A922E4EE8545}"
EndProject
Project("{9A19103F-16F7-4668-BE54-9A1E7A4F7556}") = "Snake.Data", "..\Snake.Data\Snake.Data.csproj", "{B159E233-52EA-4394-B93B-7D3FE858ADAE}"
EndProject
Project("{FAE04EC0-301F-11D3-BF4B-00C04F79EFBC}") = "Snake.Common", "..\Common\Snake.Common.csproj", "{0CC0A5ED-24F3-403E-87D9-5EF111A46090}"
EndProject
Project("{FAE04EC0-301F-11D3-BF4B-00C04F79EFBC}") = "Snake.Models", "..\Snake.Models\Snake.Models.csproj", "{8866445E-0074-43CD-8AE6-3DF953A12BA8}"
EndProject
Global
	GlobalSection(SolutionConfigurationPlatforms) = preSolution
		Debug|Any CPU = Debug|Any CPU
		Release|Any CPU = Release|Any CPU
	EndGlobalSection
	GlobalSection(ProjectConfigurationPlatforms) = postSolution
		{AC151895-FF73-4975-8359-991CD4CB039A}.Debug|Any CPU.ActiveCfg = Debug|Any CPU
		{AC151895-FF73-4975-8359-991CD4CB039A}.Debug|Any CPU.Build.0 = Debug|Any CPU
		{AC151895-FF73-4975-8359-991CD4CB039A}.Release|Any CPU.ActiveCfg = Release|Any CPU
		{AC151895-FF73-4975-8359-991CD4CB039A}.Release|Any CPU.Build.0 = Release|Any CPU
		{90F51148-1B71-4126-9250-20269CF64572}.Debug|Any CPU.ActiveCfg = Debug|Any CPU
		{90F51148-1B71-4126-9250-20269CF64572}.Debug|Any CPU.Build.0 = Debug|Any CPU
		{90F51148-1B71-4126-9250-20269CF64572}.Release|Any CPU.ActiveCfg = Release|Any CPU
		{90F51148-1B71-4126-9250-20269CF64572}.Release|Any CPU.Build.0 = Release|Any CPU
		{4C6EFAB3-41BC-4C48-B6D5-A922E4EE8545}.Debug|Any CPU.ActiveCfg = Debug|Any CPU
		{4C6EFAB3-41BC-4C48-B6D5-A922E4EE8545}.Debug|Any CPU.Build.0 = Debug|Any CPU
		{4C6EFAB3-41BC-4C48-B6D5-A922E4EE8545}.Release|Any CPU.ActiveCfg = Release|Any CPU
		{4C6EFAB3-41BC-4C48-B6D5-A922E4EE8545}.Release|Any CPU.Build.0 = Release|Any CPU
		{B159E233-52EA-4394-B93B-7D3FE858ADAE}.Debug|Any CPU.ActiveCfg = Debug|Any CPU
		{B159E233-52EA-4394-B93B-7D3FE858ADAE}.Debug|Any CPU.Build.0 = Debug|Any CPU
		{B159E233-52EA-4394-B93B-7D3FE858ADAE}.Release|Any CPU.ActiveCfg = Release|Any CPU
		{B159E233-52EA-4394-B93B-7D3FE858ADAE}.Release|Any CPU.Build.0 = Release|Any CPU
		{0CC0A5ED-24F3-403E-87D9-5EF111A46090}.Debug|Any CPU.ActiveCfg = Debug|Any CPU
		{0CC0A5ED-24F3-403E-87D9-5EF111A46090}.Debug|Any CPU.Build.0 = Debug|Any CPU
		{0CC0A5ED-24F3-403E-87D9-5EF111A46090}.Release|Any CPU.ActiveCfg = Release|Any CPU
		{0CC0A5ED-24F3-403E-87D9-5EF111A46090}.Release|Any CPU.Build.0 = Release|Any CPU
		{8866445E-0074-43CD-8AE6-3DF953A12BA8}.Debug|Any CPU.ActiveCfg = Debug|Any CPU
		{8866445E-0074-43CD-8AE6-3DF953A12BA8}.Debug|Any CPU.Build.0 = Debug|Any CPU
		{8866445E-0074-43CD-8AE6-3DF953A12BA8}.Release|Any CPU.ActiveCfg = Release|Any CPU
		{8866445E-0074-43CD-8AE6-3DF953A12BA8}.Release|Any CPU.Build.0 = Release|Any CPU
	EndGlobalSection
	GlobalSection(SolutionProperties) = preSolution
		HideSolutionNode = FALSE
	EndGlobalSection
	GlobalSection(ExtensibilityGlobals) = postSolution
		SolutionGuid = {73007A21-6361-4E45-BDDC-F3D551EAAE02}
	EndGlobalSection
EndGlobal
